
Microsoft Visual Studio Solution File, Format Version 12.00
# Visual Studio Version 17
VisualStudioVersion = 17.14.36603.0
MinimumVisualStudioVersion = 10.0.40219.1
Project("{2150E333-8FDC-42A3-9474-1A3956D46DE8}") = "Services", "Services", "{02EA681E-C7D8-13C7-8484-4AC65E1B71E8}"
EndProject
Project("{2150E333-8FDC-42A3-9474-1A3956D46DE8}") = "Catalog", "Catalog", "{BEDEE7B7-445E-4CE5-B133-1C608CAA371E}"
EndProject
Project("{FAE04EC0-301F-11D3-BF4B-00C04F79EFBC}") = "Catalog.API", "Services\Catalog\Catalog.API\Catalog.API.csproj", "{95693A84-FF75-41C3-B761-26A5A0DFBB36}"
EndProject
Project("{2150E333-8FDC-42A3-9474-1A3956D46DE8}") = "BuildingBlocks", "BuildingBlocks", "{0032B21B-8D73-4A30-A0A1-83AC35051917}"
EndProject
Project("{FAE04EC0-301F-11D3-BF4B-00C04F79EFBC}") = "BuildingBlocks", "BuildingBlocks\BuildingBlocks.csproj", "{DE0117DE-C7D6-4783-8546-C77DBBF02C93}"
EndProject
Project("{E53339B2-1760-4266-BCC7-CA923CBCF16C}") = "docker-compose", "docker-compose.dcproj", "{81DDED9D-158B-E303-5F62-77A2896D2A5A}"
EndProject
Project("{2150E333-8FDC-42A3-9474-1A3956D46DE8}") = "Basket", "Basket", "{B5CB2C09-FCA1-4AD5-BCFC-3B50F9544C80}"
EndProject
Project("{FAE04EC0-301F-11D3-BF4B-00C04F79EFBC}") = "Basket.API", "Services\Basket\Basket.API\Basket.API.csproj", "{61E2D3CE-945F-4E97-A8A7-7A28DAFC9325}"
EndProject
Project("{2150E333-8FDC-42A3-9474-1A3956D46DE8}") = "Discount", "Discount", "{440FEF70-CAAF-45C5-8CF0-15E479530D8F}"
EndProject
Project("{FAE04EC0-301F-11D3-BF4B-00C04F79EFBC}") = "Discount.gRPC", "Services\Discount\Discount.gRPC\Discount.gRPC.csproj", "{8BF6ED4F-E012-4033-9158-EF24F65D2485}"
EndProject
Global
	GlobalSection(SolutionConfigurationPlatforms) = preSolution
		Debug|Any CPU = Debug|Any CPU
		Release|Any CPU = Release|Any CPU
	EndGlobalSection
	GlobalSection(ProjectConfigurationPlatforms) = postSolution
		{95693A84-FF75-41C3-B761-26A5A0DFBB36}.Debug|Any CPU.ActiveCfg = Debug|Any CPU
		{95693A84-FF75-41C3-B761-26A5A0DFBB36}.Debug|Any CPU.Build.0 = Debug|Any CPU
		{95693A84-FF75-41C3-B761-26A5A0DFBB36}.Release|Any CPU.ActiveCfg = Release|Any CPU
		{95693A84-FF75-41C3-B761-26A5A0DFBB36}.Release|Any CPU.Build.0 = Release|Any CPU
		{DE0117DE-C7D6-4783-8546-C77DBBF02C93}.Debug|Any CPU.ActiveCfg = Debug|Any CPU
		{DE0117DE-C7D6-4783-8546-C77DBBF02C93}.Debug|Any CPU.Build.0 = Debug|Any CPU
		{DE0117DE-C7D6-4783-8546-C77DBBF02C93}.Release|Any CPU.ActiveCfg = Release|Any CPU
		{DE0117DE-C7D6-4783-8546-C77DBBF02C93}.Release|Any CPU.Build.0 = Release|Any CPU
		{81DDED9D-158B-E303-5F62-77A2896D2A5A}.Debug|Any CPU.ActiveCfg = Debug|Any CPU
		{81DDED9D-158B-E303-5F62-77A2896D2A5A}.Debug|Any CPU.Build.0 = Debug|Any CPU
		{81DDED9D-158B-E303-5F62-77A2896D2A5A}.Release|Any CPU.ActiveCfg = Release|Any CPU
		{81DDED9D-158B-E303-5F62-77A2896D2A5A}.Release|Any CPU.Build.0 = Release|Any CPU
		{61E2D3CE-945F-4E97-A8A7-7A28DAFC9325}.Debug|Any CPU.ActiveCfg = Debug|Any CPU
		{61E2D3CE-945F-4E97-A8A7-7A28DAFC9325}.Debug|Any CPU.Build.0 = Debug|Any CPU
		{61E2D3CE-945F-4E97-A8A7-7A28DAFC9325}.Release|Any CPU.ActiveCfg = Release|Any CPU
		{61E2D3CE-945F-4E97-A8A7-7A28DAFC9325}.Release|Any CPU.Build.0 = Release|Any CPU
		{8BF6ED4F-E012-4033-9158-EF24F65D2485}.Debug|Any CPU.ActiveCfg = Debug|Any CPU
		{8BF6ED4F-E012-4033-9158-EF24F65D2485}.Debug|Any CPU.Build.0 = Debug|Any CPU
		{8BF6ED4F-E012-4033-9158-EF24F65D2485}.Release|Any CPU.ActiveCfg = Release|Any CPU
		{8BF6ED4F-E012-4033-9158-EF24F65D2485}.Release|Any CPU.Build.0 = Release|Any CPU
	EndGlobalSection
	GlobalSection(SolutionProperties) = preSolution
		HideSolutionNode = FALSE
	EndGlobalSection
	GlobalSection(NestedProjects) = preSolution
		{BEDEE7B7-445E-4CE5-B133-1C608CAA371E} = {02EA681E-C7D8-13C7-8484-4AC65E1B71E8}
		{95693A84-FF75-41C3-B761-26A5A0DFBB36} = {BEDEE7B7-445E-4CE5-B133-1C608CAA371E}
		{DE0117DE-C7D6-4783-8546-C77DBBF02C93} = {0032B21B-8D73-4A30-A0A1-83AC35051917}
		{B5CB2C09-FCA1-4AD5-BCFC-3B50F9544C80} = {02EA681E-C7D8-13C7-8484-4AC65E1B71E8}
		{61E2D3CE-945F-4E97-A8A7-7A28DAFC9325} = {B5CB2C09-FCA1-4AD5-BCFC-3B50F9544C80}
		{440FEF70-CAAF-45C5-8CF0-15E479530D8F} = {02EA681E-C7D8-13C7-8484-4AC65E1B71E8}
		{8BF6ED4F-E012-4033-9158-EF24F65D2485} = {440FEF70-CAAF-45C5-8CF0-15E479530D8F}
	EndGlobalSection
	GlobalSection(ExtensibilityGlobals) = postSolution
		SolutionGuid = {DFEEE4B2-E6C4-428F-BA7B-74BE0012F9C2}
	EndGlobalSection
EndGlobal
